
Microsoft Visual Studio Solution File, Format Version 12.00
# Visual Studio 15
VisualStudioVersion = 15.0.26929.2
MinimumVisualStudioVersion = 10.0.40219.1
Project("{FAE04EC0-301F-11D3-BF4B-00C04F79EFBC}") = "TestLinq2DB", "TestLinq2DB\TestLinq2DB.csproj", "{7E71258E-4AC1-4B6B-A87B-1DE137A6E2D3}"
EndProject
Global
	GlobalSection(SolutionConfigurationPlatforms) = preSolution
		Debug|Any CPU = Debug|Any CPU
		Release|Any CPU = Release|Any CPU
	EndGlobalSection
	GlobalSection(ProjectConfigurationPlatforms) = postSolution
		{7E71258E-4AC1-4B6B-A87B-1DE137A6E2D3}.Debug|Any CPU.ActiveCfg = Debug|Any CPU
		{7E71258E-4AC1-4B6B-A87B-1DE137A6E2D3}.Debug|Any CPU.Build.0 = Debug|Any CPU
		{7E71258E-4AC1-4B6B-A87B-1DE137A6E2D3}.Release|Any CPU.ActiveCfg = Release|Any CPU
		{7E71258E-4AC1-4B6B-A87B-1DE137A6E2D3}.Release|Any CPU.Build.0 = Release|Any CPU
	EndGlobalSection
	GlobalSection(SolutionProperties) = preSolution
		HideSolutionNode = FALSE
	EndGlobalSection
	GlobalSection(ExtensibilityGlobals) = postSolution
		SolutionGuid = {5C9C5717-1080-475E-BB33-1D7FF5E487C4}
	EndGlobalSection
EndGlobal
